
Microsoft Visual Studio Solution File, Format Version 12.00
# Visual Studio Version 17
VisualStudioVersion = 17.9.34728.123
MinimumVisualStudioVersion = 10.0.40219.1
Project("{FAE04EC0-301F-11D3-BF4B-00C04F79EFBC}") = "ExperianInterviewsScenarios", "ExperianInterviewsScenarios.csproj", "{A91C0B9B-2A1E-4893-AC01-9BAAAEE6FE97}"
EndProject
Project("{FAE04EC0-301F-11D3-BF4B-00C04F79EFBC}") = "Create an application that accepts a date", "..\Create an application that accepts a date\Create an application that accepts a date.csproj", "{AC0EC086-C5B4-45EE-8EB0-2B19F1E0CA93}"
EndProject
Global
	GlobalSection(SolutionConfigurationPlatforms) = preSolution
		Debug|Any CPU = Debug|Any CPU
		Release|Any CPU = Release|Any CPU
	EndGlobalSection
	GlobalSection(ProjectConfigurationPlatforms) = postSolution
		{A91C0B9B-2A1E-4893-AC01-9BAAAEE6FE97}.Debug|Any CPU.ActiveCfg = Debug|Any CPU
		{A91C0B9B-2A1E-4893-AC01-9BAAAEE6FE97}.Debug|Any CPU.Build.0 = Debug|Any CPU
		{A91C0B9B-2A1E-4893-AC01-9BAAAEE6FE97}.Release|Any CPU.ActiveCfg = Release|Any CPU
		{A91C0B9B-2A1E-4893-AC01-9BAAAEE6FE97}.Release|Any CPU.Build.0 = Release|Any CPU
		{AC0EC086-C5B4-45EE-8EB0-2B19F1E0CA93}.Debug|Any CPU.ActiveCfg = Debug|Any CPU
		{AC0EC086-C5B4-45EE-8EB0-2B19F1E0CA93}.Debug|Any CPU.Build.0 = Debug|Any CPU
		{AC0EC086-C5B4-45EE-8EB0-2B19F1E0CA93}.Release|Any CPU.ActiveCfg = Release|Any CPU
		{AC0EC086-C5B4-45EE-8EB0-2B19F1E0CA93}.Release|Any CPU.Build.0 = Release|Any CPU
	EndGlobalSection
	GlobalSection(SolutionProperties) = preSolution
		HideSolutionNode = FALSE
	EndGlobalSection
	GlobalSection(ExtensibilityGlobals) = postSolution
		SolutionGuid = {8320409F-F1E3-49A9-9857-EF219DD2C9D0}
	EndGlobalSection
EndGlobal
