
Microsoft Visual Studio Solution File, Format Version 12.00
# Visual Studio Version 17
VisualStudioVersion = 17.9.34728.123
MinimumVisualStudioVersion = 10.0.40219.1
Project("{FAE04EC0-301F-11D3-BF4B-00C04F79EFBC}") = "Exceptions", "Exceptions.csproj", "{598C1AF8-7CC6-4762-82AE-434FF016500E}"
EndProject
Global
	GlobalSection(SolutionConfigurationPlatforms) = preSolution
		Debug|Any CPU = Debug|Any CPU
		Release|Any CPU = Release|Any CPU
	EndGlobalSection
	GlobalSection(ProjectConfigurationPlatforms) = postSolution
		{598C1AF8-7CC6-4762-82AE-434FF016500E}.Debug|Any CPU.ActiveCfg = Debug|Any CPU
		{598C1AF8-7CC6-4762-82AE-434FF016500E}.Debug|Any CPU.Build.0 = Debug|Any CPU
		{598C1AF8-7CC6-4762-82AE-434FF016500E}.Release|Any CPU.ActiveCfg = Release|Any CPU
		{598C1AF8-7CC6-4762-82AE-434FF016500E}.Release|Any CPU.Build.0 = Release|Any CPU
	EndGlobalSection
	GlobalSection(SolutionProperties) = preSolution
		HideSolutionNode = FALSE
	EndGlobalSection
	GlobalSection(ExtensibilityGlobals) = postSolution
		SolutionGuid = {0058BA11-80B5-4B98-B8DC-BA7EE0E7DB91}
	EndGlobalSection
EndGlobal
