
Microsoft Visual Studio Solution File, Format Version 12.00
# Visual Studio Version 17
VisualStudioVersion = 17.9.34616.47
MinimumVisualStudioVersion = 10.0.40219.1
Project("{FAE04EC0-301F-11D3-BF4B-00C04F79EFBC}") = "SampleMVC", "SampleMVC.csproj", "{602E95AA-9FBF-45E0-A8F2-BD9A7246C954}"
EndProject
Global
	GlobalSection(SolutionConfigurationPlatforms) = preSolution
		Debug|Any CPU = Debug|Any CPU
		Release|Any CPU = Release|Any CPU
	EndGlobalSection
	GlobalSection(ProjectConfigurationPlatforms) = postSolution
		{602E95AA-9FBF-45E0-A8F2-BD9A7246C954}.Debug|Any CPU.ActiveCfg = Debug|Any CPU
		{602E95AA-9FBF-45E0-A8F2-BD9A7246C954}.Debug|Any CPU.Build.0 = Debug|Any CPU
		{602E95AA-9FBF-45E0-A8F2-BD9A7246C954}.Release|Any CPU.ActiveCfg = Release|Any CPU
		{602E95AA-9FBF-45E0-A8F2-BD9A7246C954}.Release|Any CPU.Build.0 = Release|Any CPU
	EndGlobalSection
	GlobalSection(SolutionProperties) = preSolution
		HideSolutionNode = FALSE
	EndGlobalSection
	GlobalSection(ExtensibilityGlobals) = postSolution
		SolutionGuid = {14CD5E39-7FE0-4057-AF4B-428E7B8F2AA9}
	EndGlobalSection
EndGlobal
